# This file is automatically @generated by Cargo.
# It is not intended for manual editing.
version = 3

[[package]]
name = "rust-whitespace"
version = "0.1.0"

[[package]]
name = "rust-whitespace-demo"
version = "0.1.0"
dependencies = [
 "rust-whitespace-proc",
]

[[package]]
name = "rust-whitespace-proc"
version = "0.1.0"
dependencies = [
 "rust-whitespace",
]
